// !$*UTF8*$!
{
	archiveVersion = 1;
	classes = {
	};
	objectVersion = 50;
	objects = {

/* Begin PBXBuildFile section */
		EBAD7D9323EDFD7A009D4395 /* AppDelegate.swift in Sources */ = {isa = PBXBuildFile; fileRef = EBAD7D9223EDFD7A009D4395 /* AppDelegate.swift */; };
		EBAD7D9523EDFD7A009D4395 /* SceneDelegate.swift in Sources */ = {isa = PBXBuildFile; fileRef = EBAD7D9423EDFD7A009D4395 /* SceneDelegate.swift */; };
		EBAD7D9723EDFD7A009D4395 /* MovieController.swift in Sources */ = {isa = PBXBuildFile; fileRef = EBAD7D9623EDFD7A009D4395 /* MovieController.swift */; };
		EBAD7D9A23EDFD7A009D4395 /* Main.storyboard in Resources */ = {isa = PBXBuildFile; fileRef = EBAD7D9823EDFD7A009D4395 /* Main.storyboard */; };
		EBAD7D9C23EDFD7B009D4395 /* Assets.xcassets in Resources */ = {isa = PBXBuildFile; fileRef = EBAD7D9B23EDFD7B009D4395 /* Assets.xcassets */; };
		EBAD7D9F23EDFD7B009D4395 /* LaunchScreen.storyboard in Resources */ = {isa = PBXBuildFile; fileRef = EBAD7D9D23EDFD7B009D4395 /* LaunchScreen.storyboard */; };
		EBAD7DAA23EDFD7B009D4395 /* MovieAppTests.swift in Sources */ = {isa = PBXBuildFile; fileRef = EBAD7DA923EDFD7B009D4395 /* MovieAppTests.swift */; };
		EBAD7DB623EDFDA9009D4395 /* BaseService.swift in Sources */ = {isa = PBXBuildFile; fileRef = EBAD7DB523EDFDA9009D4395 /* BaseService.swift */; };
		EBAD7DB923EDFE4A009D4395 /* Movie.swift in Sources */ = {isa = PBXBuildFile; fileRef = EBAD7DB823EDFE4A009D4395 /* Movie.swift */; };
		EBAD7DBB23EDFF5B009D4395 /* MovieDetailResponse.swift in Sources */ = {isa = PBXBuildFile; fileRef = EBAD7DBA23EDFF5B009D4395 /* MovieDetailResponse.swift */; };
		EBAD7DBD23EE0B37009D4395 /* MovieResponse.swift in Sources */ = {isa = PBXBuildFile; fileRef = EBAD7DBC23EE0B37009D4395 /* MovieResponse.swift */; };
		EBAD7DBF23EE0C03009D4395 /* MovieService.swift in Sources */ = {isa = PBXBuildFile; fileRef = EBAD7DBE23EE0C03009D4395 /* MovieService.swift */; };
		EBB6591123EEDA8600DFC23E /* MoviesViewModel.swift in Sources */ = {isa = PBXBuildFile; fileRef = EBB6591023EEDA8600DFC23E /* MoviesViewModel.swift */; };
		EBCCA26823EEEA1900C34AEA /* UIImageView+Extensions.swift in Sources */ = {isa = PBXBuildFile; fileRef = EBCCA26723EEEA1900C34AEA /* UIImageView+Extensions.swift */; };
		EBD3384C23EF014700B990B2 /* TitleLabel.swift in Sources */ = {isa = PBXBuildFile; fileRef = EBD3384B23EF014700B990B2 /* TitleLabel.swift */; };
		EBD3384E23EF07F900B990B2 /* MovieDetailController.swift in Sources */ = {isa = PBXBuildFile; fileRef = EBD3384D23EF07F900B990B2 /* MovieDetailController.swift */; };
		EBE800C023EED7F100C65AED /* MovieCell.swift in Sources */ = {isa = PBXBuildFile; fileRef = EBE800BF23EED7F100C65AED /* MovieCell.swift */; };
/* End PBXBuildFile section */

/* Begin PBXContainerItemProxy section */
		EBAD7DA623EDFD7B009D4395 /* PBXContainerItemProxy */ = {
			isa = PBXContainerItemProxy;
			containerPortal = EBAD7D8723EDFD7A009D4395 /* Project object */;
			proxyType = 1;
			remoteGlobalIDString = EBAD7D8E23EDFD7A009D4395;
			remoteInfo = MovieApp;
		};
/* End PBXContainerItemProxy section */

/* Begin PBXFileReference section */
		EBAD7D8F23EDFD7A009D4395 /* MovieApp.app */ = {isa = PBXFileReference; explicitFileType = wrapper.application; includeInIndex = 0; path = MovieApp.app; sourceTree = BUILT_PRODUCTS_DIR; };
		EBAD7D9223EDFD7A009D4395 /* AppDelegate.swift */ = {isa = PBXFileReference; lastKnownFileType = sourcecode.swift; path = AppDelegate.swift; sourceTree = "<group>"; };
		EBAD7D9423EDFD7A009D4395 /* SceneDelegate.swift */ = {isa = PBXFileReference; lastKnownFileType = sourcecode.swift; path = SceneDelegate.swift; sourceTree = "<group>"; };
		EBAD7D9623EDFD7A009D4395 /* MovieController.swift */ = {isa = PBXFileReference; lastKnownFileType = sourcecode.swift; path = MovieController.swift; sourceTree = "<group>"; };
		EBAD7D9923EDFD7A009D4395 /* Base */ = {isa = PBXFileReference; lastKnownFileType = file.storyboard; name = Base; path = Base.lproj/Main.storyboard; sourceTree = "<group>"; };
		EBAD7D9B23EDFD7B009D4395 /* Assets.xcassets */ = {isa = PBXFileReference; lastKnownFileType = folder.assetcatalog; path = Assets.xcassets; sourceTree = "<group>"; };
		EBAD7D9E23EDFD7B009D4395 /* Base */ = {isa = PBXFileReference; lastKnownFileType = file.storyboard; name = Base; path = Base.lproj/LaunchScreen.storyboard; sourceTree = "<group>"; };
		EBAD7DA023EDFD7B009D4395 /* Info.plist */ = {isa = PBXFileReference; lastKnownFileType = text.plist.xml; path = Info.plist; sourceTree = "<group>"; };
		EBAD7DA523EDFD7B009D4395 /* MovieAppTests.xctest */ = {isa = PBXFileReference; explicitFileType = wrapper.cfbundle; includeInIndex = 0; path = MovieAppTests.xctest; sourceTree = BUILT_PRODUCTS_DIR; };
		EBAD7DA923EDFD7B009D4395 /* MovieAppTests.swift */ = {isa = PBXFileReference; lastKnownFileType = sourcecode.swift; path = MovieAppTests.swift; sourceTree = "<group>"; };
		EBAD7DAB23EDFD7B009D4395 /* Info.plist */ = {isa = PBXFileReference; lastKnownFileType = text.plist.xml; path = Info.plist; sourceTree = "<group>"; };
		EBAD7DB523EDFDA9009D4395 /* BaseService.swift */ = {isa = PBXFileReference; lastKnownFileType = sourcecode.swift; path = BaseService.swift; sourceTree = "<group>"; };
		EBAD7DB823EDFE4A009D4395 /* Movie.swift */ = {isa = PBXFileReference; lastKnownFileType = sourcecode.swift; path = Movie.swift; sourceTree = "<group>"; };
		EBAD7DBA23EDFF5B009D4395 /* MovieDetailResponse.swift */ = {isa = PBXFileReference; lastKnownFileType = sourcecode.swift; path = MovieDetailResponse.swift; sourceTree = "<group>"; };
		EBAD7DBC23EE0B37009D4395 /* MovieResponse.swift */ = {isa = PBXFileReference; lastKnownFileType = sourcecode.swift; path = MovieResponse.swift; sourceTree = "<group>"; };
		EBAD7DBE23EE0C03009D4395 /* MovieService.swift */ = {isa = PBXFileReference; lastKnownFileType = sourcecode.swift; path = MovieService.swift; sourceTree = "<group>"; };
		EBB6591023EEDA8600DFC23E /* MoviesViewModel.swift */ = {isa = PBXFileReference; lastKnownFileType = sourcecode.swift; path = MoviesViewModel.swift; sourceTree = "<group>"; };
		EBCCA26723EEEA1900C34AEA /* UIImageView+Extensions.swift */ = {isa = PBXFileReference; lastKnownFileType = sourcecode.swift; path = "UIImageView+Extensions.swift"; sourceTree = "<group>"; };
		EBD3384B23EF014700B990B2 /* TitleLabel.swift */ = {isa = PBXFileReference; lastKnownFileType = sourcecode.swift; path = TitleLabel.swift; sourceTree = "<group>"; };
		EBD3384D23EF07F900B990B2 /* MovieDetailController.swift */ = {isa = PBXFileReference; lastKnownFileType = sourcecode.swift; path = MovieDetailController.swift; sourceTree = "<group>"; };
		EBE800BF23EED7F100C65AED /* MovieCell.swift */ = {isa = PBXFileReference; lastKnownFileType = sourcecode.swift; path = MovieCell.swift; sourceTree = "<group>"; };
/* End PBXFileReference section */

/* Begin PBXFrameworksBuildPhase section */
		EBAD7D8C23EDFD7A009D4395 /* Frameworks */ = {
			isa = PBXFrameworksBuildPhase;
			buildActionMask = 2147483647;
			files = (
			);
			runOnlyForDeploymentPostprocessing = 0;
		};
		EBAD7DA223EDFD7B009D4395 /* Frameworks */ = {
			isa = PBXFrameworksBuildPhase;
			buildActionMask = 2147483647;
			files = (
			);
			runOnlyForDeploymentPostprocessing = 0;
		};
/* End PBXFrameworksBuildPhase section */

/* Begin PBXGroup section */
		EBAD7D8623EDFD7A009D4395 = {
			isa = PBXGroup;
			children = (
				EBAD7D9123EDFD7A009D4395 /* MovieApp */,
				EBAD7DA823EDFD7B009D4395 /* MovieAppTests */,
				EBAD7D9023EDFD7A009D4395 /* Products */,
			);
			sourceTree = "<group>";
		};
		EBAD7D9023EDFD7A009D4395 /* Products */ = {
			isa = PBXGroup;
			children = (
				EBAD7D8F23EDFD7A009D4395 /* MovieApp.app */,
				EBAD7DA523EDFD7B009D4395 /* MovieAppTests.xctest */,
			);
			name = Products;
			sourceTree = "<group>";
		};
		EBAD7D9123EDFD7A009D4395 /* MovieApp */ = {
			isa = PBXGroup;
			children = (
				EBCCA26623EEE9FF00C34AEA /* Helpers */,
				EBB6591223EEDA8C00DFC23E /* ViewModels */,
				EBE800BE23EED7CE00C65AED /* Views */,
				EBAD7DB723EDFE2B009D4395 /* Model */,
				EBAD7DB423EDFD88009D4395 /* Service */,
				EBAD7D9223EDFD7A009D4395 /* AppDelegate.swift */,
				EBAD7D9423EDFD7A009D4395 /* SceneDelegate.swift */,
				EBAD7D9823EDFD7A009D4395 /* Main.storyboard */,
				EBAD7D9B23EDFD7B009D4395 /* Assets.xcassets */,
				EBAD7D9D23EDFD7B009D4395 /* LaunchScreen.storyboard */,
				EBAD7DA023EDFD7B009D4395 /* Info.plist */,
			);
			path = MovieApp;
			sourceTree = "<group>";
		};
		EBAD7DA823EDFD7B009D4395 /* MovieAppTests */ = {
			isa = PBXGroup;
			children = (
				EBAD7DA923EDFD7B009D4395 /* MovieAppTests.swift */,
				EBAD7DAB23EDFD7B009D4395 /* Info.plist */,
			);
			path = MovieAppTests;
			sourceTree = "<group>";
		};
		EBAD7DB423EDFD88009D4395 /* Service */ = {
			isa = PBXGroup;
			children = (
				EBAD7DB523EDFDA9009D4395 /* BaseService.swift */,
				EBAD7DBE23EE0C03009D4395 /* MovieService.swift */,
			);
			path = Service;
			sourceTree = "<group>";
		};
		EBAD7DB723EDFE2B009D4395 /* Model */ = {
			isa = PBXGroup;
			children = (
				EBAD7DB823EDFE4A009D4395 /* Movie.swift */,
				EBAD7DBA23EDFF5B009D4395 /* MovieDetailResponse.swift */,
				EBAD7DBC23EE0B37009D4395 /* MovieResponse.swift */,
			);
			path = Model;
			sourceTree = "<group>";
		};
		EBB6591223EEDA8C00DFC23E /* ViewModels */ = {
			isa = PBXGroup;
			children = (
				EBB6591023EEDA8600DFC23E /* MoviesViewModel.swift */,
			);
			path = ViewModels;
			sourceTree = "<group>";
		};
		EBCCA26623EEE9FF00C34AEA /* Helpers */ = {
			isa = PBXGroup;
			children = (
				EBCCA26723EEEA1900C34AEA /* UIImageView+Extensions.swift */,
				EBD3384B23EF014700B990B2 /* TitleLabel.swift */,
			);
			path = Helpers;
			sourceTree = "<group>";
		};
		EBE800BE23EED7CE00C65AED /* Views */ = {
			isa = PBXGroup;
			children = (
				EBAD7D9623EDFD7A009D4395 /* MovieController.swift */,
				EBE800BF23EED7F100C65AED /* MovieCell.swift */,
				EBD3384D23EF07F900B990B2 /* MovieDetailController.swift */,
			);
			path = Views;
			sourceTree = "<group>";
		};
/* End PBXGroup section */

/* Begin PBXNativeTarget section */
		EBAD7D8E23EDFD7A009D4395 /* MovieApp */ = {
			isa = PBXNativeTarget;
			buildConfigurationList = EBAD7DAE23EDFD7B009D4395 /* Build configuration list for PBXNativeTarget "MovieApp" */;
			buildPhases = (
				EBAD7D8B23EDFD7A009D4395 /* Sources */,
				EBAD7D8C23EDFD7A009D4395 /* Frameworks */,
				EBAD7D8D23EDFD7A009D4395 /* Resources */,
			);
			buildRules = (
			);
			dependencies = (
			);
			name = MovieApp;
			productName = MovieApp;
			productReference = EBAD7D8F23EDFD7A009D4395 /* MovieApp.app */;
			productType = "com.apple.product-type.application";
		};
		EBAD7DA423EDFD7B009D4395 /* MovieAppTests */ = {
			isa = PBXNativeTarget;
			buildConfigurationList = EBAD7DB123EDFD7B009D4395 /* Build configuration list for PBXNativeTarget "MovieAppTests" */;
			buildPhases = (
				EBAD7DA123EDFD7B009D4395 /* Sources */,
				EBAD7DA223EDFD7B009D4395 /* Frameworks */,
				EBAD7DA323EDFD7B009D4395 /* Resources */,
			);
			buildRules = (
			);
			dependencies = (
				EBAD7DA723EDFD7B009D4395 /* PBXTargetDependency */,
			);
			name = MovieAppTests;
			productName = MovieAppTests;
			productReference = EBAD7DA523EDFD7B009D4395 /* MovieAppTests.xctest */;
			productType = "com.apple.product-type.bundle.unit-test";
		};
/* End PBXNativeTarget section */

/* Begin PBXProject section */
		EBAD7D8723EDFD7A009D4395 /* Project object */ = {
			isa = PBXProject;
			attributes = {
				LastSwiftUpdateCheck = 1130;
				LastUpgradeCheck = 1130;
				ORGANIZATIONNAME = Faruk;
				TargetAttributes = {
					EBAD7D8E23EDFD7A009D4395 = {
						CreatedOnToolsVersion = 11.3.1;
					};
					EBAD7DA423EDFD7B009D4395 = {
						CreatedOnToolsVersion = 11.3.1;
						TestTargetID = EBAD7D8E23EDFD7A009D4395;
					};
				};
			};
			buildConfigurationList = EBAD7D8A23EDFD7A009D4395 /* Build configuration list for PBXProject "MovieApp" */;
			compatibilityVersion = "Xcode 9.3";
			developmentRegion = en;
			hasScannedForEncodings = 0;
			knownRegions = (
				en,
				Base,
			);
			mainGroup = EBAD7D8623EDFD7A009D4395;
			productRefGroup = EBAD7D9023EDFD7A009D4395 /* Products */;
			projectDirPath = "";
			projectRoot = "";
			targets = (
				EBAD7D8E23EDFD7A009D4395 /* MovieApp */,
				EBAD7DA423EDFD7B009D4395 /* MovieAppTests */,
			);
		};
/* End PBXProject section */

/* Begin PBXResourcesBuildPhase section */
		EBAD7D8D23EDFD7A009D4395 /* Resources */ = {
			isa = PBXResourcesBuildPhase;
			buildActionMask = 2147483647;
			files = (
				EBAD7D9F23EDFD7B009D4395 /* LaunchScreen.storyboard in Resources */,
				EBAD7D9C23EDFD7B009D4395 /* Assets.xcassets in Resources */,
				EBAD7D9A23EDFD7A009D4395 /* Main.storyboard in Resources */,
			);
			runOnlyForDeploymentPostprocessing = 0;
		};
		EBAD7DA323EDFD7B009D4395 /* Resources */ = {
			isa = PBXResourcesBuildPhase;
			buildActionMask = 2147483647;
			files = (
			);
			runOnlyForDeploymentPostprocessing = 0;
		};
/* End PBXResourcesBuildPhase section */

/* Begin PBXSourcesBuildPhase section */
		EBAD7D8B23EDFD7A009D4395 /* Sources */ = {
			isa = PBXSourcesBuildPhase;
			buildActionMask = 2147483647;
			files = (
				EBAD7DBD23EE0B37009D4395 /* MovieResponse.swift in Sources */,
				EBAD7DB623EDFDA9009D4395 /* BaseService.swift in Sources */,
				EBCCA26823EEEA1900C34AEA /* UIImageView+Extensions.swift in Sources */,
				EBE800C023EED7F100C65AED /* MovieCell.swift in Sources */,
				EBAD7D9723EDFD7A009D4395 /* MovieController.swift in Sources */,
				EBAD7D9323EDFD7A009D4395 /* AppDelegate.swift in Sources */,
				EBD3384E23EF07F900B990B2 /* MovieDetailController.swift in Sources */,
				EBAD7DBB23EDFF5B009D4395 /* MovieDetailResponse.swift in Sources */,
				EBAD7D9523EDFD7A009D4395 /* SceneDelegate.swift in Sources */,
				EBAD7DBF23EE0C03009D4395 /* MovieService.swift in Sources */,
				EBD3384C23EF014700B990B2 /* TitleLabel.swift in Sources */,
				EBAD7DB923EDFE4A009D4395 /* Movie.swift in Sources */,
				EBB6591123EEDA8600DFC23E /* MoviesViewModel.swift in Sources */,
			);
			runOnlyForDeploymentPostprocessing = 0;
		};
		EBAD7DA123EDFD7B009D4395 /* Sources */ = {
			isa = PBXSourcesBuildPhase;
			buildActionMask = 2147483647;
			files = (
				EBAD7DAA23EDFD7B009D4395 /* MovieAppTests.swift in Sources */,
			);
			runOnlyForDeploymentPostprocessing = 0;
		};
/* End PBXSourcesBuildPhase section */

/* Begin PBXTargetDependency section */
		EBAD7DA723EDFD7B009D4395 /* PBXTargetDependency */ = {
			isa = PBXTargetDependency;
			target = EBAD7D8E23EDFD7A009D4395 /* MovieApp */;
			targetProxy = EBAD7DA623EDFD7B009D4395 /* PBXContainerItemProxy */;
		};
/* End PBXTargetDependency section */

/* Begin PBXVariantGroup section */
		EBAD7D9823EDFD7A009D4395 /* Main.storyboard */ = {
			isa = PBXVariantGroup;
			children = (
				EBAD7D9923EDFD7A009D4395 /* Base */,
			);
			name = Main.storyboard;
			sourceTree = "<group>";
		};
		EBAD7D9D23EDFD7B009D4395 /* LaunchScreen.storyboard */ = {
			isa = PBXVariantGroup;
			children = (
				EBAD7D9E23EDFD7B009D4395 /* Base */,
			);
			name = LaunchScreen.storyboard;
			sourceTree = "<group>";
		};
/* End PBXVariantGroup section */

/* Begin XCBuildConfiguration section */
		EBAD7DAC23EDFD7B009D4395 /* Debug */ = {
			isa = XCBuildConfiguration;
			buildSettings = {
				ALWAYS_SEARCH_USER_PATHS = NO;
				CLANG_ANALYZER_NONNULL = YES;
				CLANG_ANALYZER_NUMBER_OBJECT_CONVERSION = YES_AGGRESSIVE;
				CLANG_CXX_LANGUAGE_STANDARD = "gnu++14";
				CLANG_CXX_LIBRARY = "libc++";
				CLANG_ENABLE_MODULES = YES;
				CLANG_ENABLE_OBJC_ARC = YES;
				CLANG_ENABLE_OBJC_WEAK = YES;
				CLANG_WARN_BLOCK_CAPTURE_AUTORELEASING = YES;
				CLANG_WARN_BOOL_CONVERSION = YES;
				CLANG_WARN_COMMA = YES;
				CLANG_WARN_CONSTANT_CONVERSION = YES;
				CLANG_WARN_DEPRECATED_OBJC_IMPLEMENTATIONS = YES;
				CLANG_WARN_DIRECT_OBJC_ISA_USAGE = YES_ERROR;
				CLANG_WARN_DOCUMENTATION_COMMENTS = YES;
				CLANG_WARN_EMPTY_BODY = YES;
				CLANG_WARN_ENUM_CONVERSION = YES;
				CLANG_WARN_INFINITE_RECURSION = YES;
				CLANG_WARN_INT_CONVERSION = YES;
				CLANG_WARN_NON_LITERAL_NULL_CONVERSION = YES;
				CLANG_WARN_OBJC_IMPLICIT_RETAIN_SELF = YES;
				CLANG_WARN_OBJC_LITERAL_CONVERSION = YES;
				CLANG_WARN_OBJC_ROOT_CLASS = YES_ERROR;
				CLANG_WARN_RANGE_LOOP_ANALYSIS = YES;
				CLANG_WARN_STRICT_PROTOTYPES = YES;
				CLANG_WARN_SUSPICIOUS_MOVE = YES;
				CLANG_WARN_UNGUARDED_AVAILABILITY = YES_AGGRESSIVE;
				CLANG_WARN_UNREACHABLE_CODE = YES;
				CLANG_WARN__DUPLICATE_METHOD_MATCH = YES;
				COPY_PHASE_STRIP = NO;
				DEBUG_INFORMATION_FORMAT = dwarf;
				ENABLE_STRICT_OBJC_MSGSEND = YES;
				ENABLE_TESTABILITY = YES;
				GCC_C_LANGUAGE_STANDARD = gnu11;
				GCC_DYNAMIC_NO_PIC = NO;
				GCC_NO_COMMON_BLOCKS = YES;
				GCC_OPTIMIZATION_LEVEL = 0;
				GCC_PREPROCESSOR_DEFINITIONS = (
					"DEBUG=1",
					"$(inherited)",
				);
				GCC_WARN_64_TO_32_BIT_CONVERSION = YES;
				GCC_WARN_ABOUT_RETURN_TYPE = YES_ERROR;
				GCC_WARN_UNDECLARED_SELECTOR = YES;
				GCC_WARN_UNINITIALIZED_AUTOS = YES_AGGRESSIVE;
				GCC_WARN_UNUSED_FUNCTION = YES;
				GCC_WARN_UNUSED_VARIABLE = YES;
				IPHONEOS_DEPLOYMENT_TARGET = 13.2;
				MTL_ENABLE_DEBUG_INFO = INCLUDE_SOURCE;
				MTL_FAST_MATH = YES;
				ONLY_ACTIVE_ARCH = YES;
				SDKROOT = iphoneos;
				SWIFT_ACTIVE_COMPILATION_CONDITIONS = DEBUG;
				SWIFT_OPTIMIZATION_LEVEL = "-Onone";
			};
			name = Debug;
		};
		EBAD7DAD23EDFD7B009D4395 /* Release */ = {
			isa = XCBuildConfiguration;
			buildSettings = {
				ALWAYS_SEARCH_USER_PATHS = NO;
				CLANG_ANALYZER_NONNULL = YES;
				CLANG_ANALYZER_NUMBER_OBJECT_CONVERSION = YES_AGGRESSIVE;
				CLANG_CXX_LANGUAGE_STANDARD = "gnu++14";
				CLANG_CXX_LIBRARY = "libc++";
				CLANG_ENABLE_MODULES = YES;
				CLANG_ENABLE_OBJC_ARC = YES;
				CLANG_ENABLE_OBJC_WEAK = YES;
				CLANG_WARN_BLOCK_CAPTURE_AUTORELEASING = YES;
				CLANG_WARN_BOOL_CONVERSION = YES;
				CLANG_WARN_COMMA = YES;
				CLANG_WARN_CONSTANT_CONVERSION = YES;
				CLANG_WARN_DEPRECATED_OBJC_IMPLEMENTATIONS = YES;
				CLANG_WARN_DIRECT_OBJC_ISA_USAGE = YES_ERROR;
				CLANG_WARN_DOCUMENTATION_COMMENTS = YES;
				CLANG_WARN_EMPTY_BODY = YES;
				CLANG_WARN_ENUM_CONVERSION = YES;
				CLANG_WARN_INFINITE_RECURSION = YES;
				CLANG_WARN_INT_CONVERSION = YES;
				CLANG_WARN_NON_LITERAL_NULL_CONVERSION = YES;
				CLANG_WARN_OBJC_IMPLICIT_RETAIN_SELF = YES;
				CLANG_WARN_OBJC_LITERAL_CONVERSION = YES;
				CLANG_WARN_OBJC_ROOT_CLASS = YES_ERROR;
				CLANG_WARN_RANGE_LOOP_ANALYSIS = YES;
				CLANG_WARN_STRICT_PROTOTYPES = YES;
				CLANG_WARN_SUSPICIOUS_MOVE = YES;
				CLANG_WARN_UNGUARDED_AVAILABILITY = YES_AGGRESSIVE;
				CLANG_WARN_UNREACHABLE_CODE = YES;
				CLANG_WARN__DUPLICATE_METHOD_MATCH = YES;
				COPY_PHASE_STRIP = NO;
				DEBUG_INFORMATION_FORMAT = "dwarf-with-dsym";
				ENABLE_NS_ASSERTIONS = NO;
				ENABLE_STRICT_OBJC_MSGSEND = YES;
				GCC_C_LANGUAGE_STANDARD = gnu11;
				GCC_NO_COMMON_BLOCKS = YES;
				GCC_WARN_64_TO_32_BIT_CONVERSION = YES;
				GCC_WARN_ABOUT_RETURN_TYPE = YES_ERROR;
				GCC_WARN_UNDECLARED_SELECTOR = YES;
				GCC_WARN_UNINITIALIZED_AUTOS = YES_AGGRESSIVE;
				GCC_WARN_UNUSED_FUNCTION = YES;
				GCC_WARN_UNUSED_VARIABLE = YES;
				IPHONEOS_DEPLOYMENT_TARGET = 13.2;
				MTL_ENABLE_DEBUG_INFO = NO;
				MTL_FAST_MATH = YES;
				SDKROOT = iphoneos;
				SWIFT_COMPILATION_MODE = wholemodule;
				SWIFT_OPTIMIZATION_LEVEL = "-O";
				VALIDATE_PRODUCT = YES;
			};
			name = Release;
		};
		EBAD7DAF23EDFD7B009D4395 /* Debug */ = {
			isa = XCBuildConfiguration;
			buildSettings = {
				ASSETCATALOG_COMPILER_APPICON_NAME = AppIcon;
				CODE_SIGN_STYLE = Automatic;
				DEVELOPMENT_TEAM = A7NSS55LQY;
				INFOPLIST_FILE = MovieApp/Info.plist;
				LD_RUNPATH_SEARCH_PATHS = (
					"$(inherited)",
					"@executable_path/Frameworks",
				);
				PRODUCT_BUNDLE_IDENTIFIER = com.ing.MovieApp;
				PRODUCT_NAME = "$(TARGET_NAME)";
				SWIFT_VERSION = 5.0;
				TARGETED_DEVICE_FAMILY = "1,2";
			};
			name = Debug;
		};
		EBAD7DB023EDFD7B009D4395 /* Release */ = {
			isa = XCBuildConfiguration;
			buildSettings = {
				ASSETCATALOG_COMPILER_APPICON_NAME = AppIcon;
				CODE_SIGN_STYLE = Automatic;
				DEVELOPMENT_TEAM = A7NSS55LQY;
				INFOPLIST_FILE = MovieApp/Info.plist;
				LD_RUNPATH_SEARCH_PATHS = (
					"$(inherited)",
					"@executable_path/Frameworks",
				);
				PRODUCT_BUNDLE_IDENTIFIER = com.ing.MovieApp;
				PRODUCT_NAME = "$(TARGET_NAME)";
				SWIFT_VERSION = 5.0;
				TARGETED_DEVICE_FAMILY = "1,2";
			};
			name = Release;
		};
		EBAD7DB223EDFD7B009D4395 /* Debug */ = {
			isa = XCBuildConfiguration;
			buildSettings = {
				ALWAYS_EMBED_SWIFT_STANDARD_LIBRARIES = YES;
				BUNDLE_LOADER = "$(TEST_HOST)";
				CODE_SIGN_STYLE = Automatic;
				DEVELOPMENT_TEAM = A7NSS55LQY;
				INFOPLIST_FILE = MovieAppTests/Info.plist;
				IPHONEOS_DEPLOYMENT_TARGET = 13.2;
				LD_RUNPATH_SEARCH_PATHS = (
					"$(inherited)",
					"@executable_path/Frameworks",
					"@loader_path/Frameworks",
				);
				PRODUCT_BUNDLE_IDENTIFIER = com.ing.MovieAppTests;
				PRODUCT_NAME = "$(TARGET_NAME)";
				SWIFT_VERSION = 5.0;
				TARGETED_DEVICE_FAMILY = "1,2";
				TEST_HOST = "$(BUILT_PRODUCTS_DIR)/MovieApp.app/MovieApp";
			};
			name = Debug;
		};
		EBAD7DB323EDFD7B009D4395 /* Release */ = {
			isa = XCBuildConfiguration;
			buildSettings = {
				ALWAYS_EMBED_SWIFT_STANDARD_LIBRARIES = YES;
				BUNDLE_LOADER = "$(TEST_HOST)";
				CODE_SIGN_STYLE = Automatic;
				DEVELOPMENT_TEAM = A7NSS55LQY;
				INFOPLIST_FILE = MovieAppTests/Info.plist;
				IPHONEOS_DEPLOYMENT_TARGET = 13.2;
				LD_RUNPATH_SEARCH_PATHS = (
					"$(inherited)",
					"@executable_path/Frameworks",
					"@loader_path/Frameworks",
				);
				PRODUCT_BUNDLE_IDENTIFIER = com.ing.MovieAppTests;
				PRODUCT_NAME = "$(TARGET_NAME)";
				SWIFT_VERSION = 5.0;
				TARGETED_DEVICE_FAMILY = "1,2";
				TEST_HOST = "$(BUILT_PRODUCTS_DIR)/MovieApp.app/MovieApp";
			};
			name = Release;
		};
/* End XCBuildConfiguration section */

/* Begin XCConfigurationList section */
		EBAD7D8A23EDFD7A009D4395 /* Build configuration list for PBXProject "MovieApp" */ = {
			isa = XCConfigurationList;
			buildConfigurations = (
				EBAD7DAC23EDFD7B009D4395 /* Debug */,
				EBAD7DAD23EDFD7B009D4395 /* Release */,
			);
			defaultConfigurationIsVisible = 0;
			defaultConfigurationName = Release;
		};
		EBAD7DAE23EDFD7B009D4395 /* Build configuration list for PBXNativeTarget "MovieApp" */ = {
			isa = XCConfigurationList;
			buildConfigurations = (
				EBAD7DAF23EDFD7B009D4395 /* Debug */,
				EBAD7DB023EDFD7B009D4395 /* Release */,
			);
			defaultConfigurationIsVisible = 0;
			defaultConfigurationName = Release;
		};
		EBAD7DB123EDFD7B009D4395 /* Build configuration list for PBXNativeTarget "MovieAppTests" */ = {
			isa = XCConfigurationList;
			buildConfigurations = (
				EBAD7DB223EDFD7B009D4395 /* Debug */,
				EBAD7DB323EDFD7B009D4395 /* Release */,
			);
			defaultConfigurationIsVisible = 0;
			defaultConfigurationName = Release;
		};
/* End XCConfigurationList section */
	};
	rootObject = EBAD7D8723EDFD7A009D4395 /* Project object */;
}
